{
  "pins" : [
    {
      "identity" : "swift-power-assert",
      "kind" : "remoteSourceControl",
      "location" : "https://github.com/kishikawakatsumi/swift-power-assert.git",
      "state" : {
        "revision" : "2fa10dcbbff807fad73b4e2469b43300a50e9bbc",
        "version" : "0.12.0"
      }
    },
    {
      "identity" : "swift-syntax",
      "kind" : "remoteSourceControl",
      "location" : "https://github.com/apple/swift-syntax.git",
      "state" : {
        "revision" : "057bdfb4632cc758973d46efaf98e43d07ee4bdb",
        "version" : "509.0.0-swift-DEVELOPMENT-SNAPSHOT-2023-08-28-a"
      }
    }
  ],
  "version" : 2
}
