{
  "pins" : [
    {
      "identity" : "swift-power-assert",
      "kind" : "remoteSourceControl",
      "location" : "https://github.com/kishikawakatsumi/swift-power-assert.git",
      "state" : {
        "revision" : "6541084fbfaa1a8227418775452ebdc1efc6f071",
        "version" : "0.11.0"
      }
    },
    {
      "identity" : "swift-syntax",
      "kind" : "remoteSourceControl",
      "location" : "https://github.com/apple/swift-syntax.git",
      "state" : {
        "revision" : "67c5007099d9ffdd292f421f81f4efe5ee42963e",
        "version" : "509.0.0-swift-DEVELOPMENT-SNAPSHOT-2023-07-10-a"
      }
    }
  ],
  "version" : 2
}
