{
  "pins" : [
    {
      "identity" : "swift-power-assert",
      "kind" : "remoteSourceControl",
      "location" : "https://github.com/kishikawakatsumi/swift-power-assert.git",
      "state" : {
        "revision" : "1b31d5cbbba61f6a0707b0dc9c13d4dd2362b9a1",
        "version" : "0.8.1"
      }
    },
    {
      "identity" : "swift-syntax",
      "kind" : "remoteSourceControl",
      "location" : "https://github.com/apple/swift-syntax.git",
      "state" : {
        "revision" : "165fc6d22394c1168ff76ab5d951245971ef07e5",
        "version" : "509.0.0-swift-DEVELOPMENT-SNAPSHOT-2023-06-05-a"
      }
    }
  ],
  "version" : 2
}
