{
  "pins" : [
    {
      "identity" : "swift-power-assert",
      "kind" : "remoteSourceControl",
      "location" : "https://github.com/kishikawakatsumi/swift-power-assert.git",
      "state" : {
        "branch" : "0.5.0",
        "revision" : "589e2e1537a2646514048ba1c53a735e7e050c71"
      }
    },
    {
      "identity" : "swift-syntax",
      "kind" : "remoteSourceControl",
      "location" : "https://github.com/apple/swift-syntax.git",
      "state" : {
        "branch" : "main",
        "revision" : "3c73cc88463aec967f4c6a2ac3e8de1f599e966a"
      }
    }
  ],
  "version" : 2
}
