{
  "pins" : [
    {
      "identity" : "swift-syntax",
      "kind" : "remoteSourceControl",
      "location" : "https://github.com/apple/swift-syntax.git",
      "state" : {
        "branch" : "main",
        "revision" : "36f24a8230f005c71d11ce3f4d3af7b561d2d120"
      }
    }
  ],
  "version" : 2
}
