{
  "pins" : [
    {
      "identity" : "swift-syntax",
      "kind" : "remoteSourceControl",
      "location" : "https://github.com/apple/swift-syntax.git",
      "state" : {
        "branch" : "main",
        "revision" : "cecb0340a95f00f8f2725c912b494266ed7b4a80"
      }
    }
  ],
  "version" : 2
}
