{
  "pins" : [
    {
      "identity" : "swift-power-assert",
      "kind" : "remoteSourceControl",
      "location" : "https://github.com/kishikawakatsumi/swift-power-assert.git",
      "state" : {
        "revision" : "8cd9c47d17ef01ecf2b08c396aa66f10cf87e7b0",
        "version" : "0.10.0"
      }
    },
    {
      "identity" : "swift-syntax",
      "kind" : "remoteSourceControl",
      "location" : "https://github.com/apple/swift-syntax.git",
      "state" : {
        "revision" : "f1e9245226002bb134884345d4809b9543da3666",
        "version" : "509.0.0-swift-DEVELOPMENT-SNAPSHOT-2023-06-17-a"
      }
    }
  ],
  "version" : 2
}
