{
  "pins" : [
    {
      "identity" : "swift-power-assert",
      "kind" : "remoteSourceControl",
      "location" : "https://github.com/kishikawakatsumi/swift-power-assert",
      "state" : {
        "branch" : "main",
        "revision" : "3f022fd6c94c330b151644fb1146c30fd8e67620"
      }
    },
    {
      "identity" : "swift-syntax",
      "kind" : "remoteSourceControl",
      "location" : "https://github.com/apple/swift-syntax.git",
      "state" : {
        "revision" : "f1e9245226002bb134884345d4809b9543da3666",
        "version" : "509.0.0-swift-DEVELOPMENT-SNAPSHOT-2023-06-17-a"
      }
    }
  ],
  "version" : 2
}
