{
  "pins" : [
    {
      "identity" : "swift-power-assert",
      "kind" : "remoteSourceControl",
      "location" : "https://github.com/kishikawakatsumi/swift-power-assert",
      "state" : {
        "branch" : "main",
        "revision" : "66c5f954d20171c4c4b549991e674a0991db6dc6"
      }
    },
    {
      "identity" : "swift-syntax",
      "kind" : "remoteSourceControl",
      "location" : "https://github.com/apple/swift-syntax.git",
      "state" : {
        "revision" : "67c5007099d9ffdd292f421f81f4efe5ee42963e",
        "version" : "509.0.0-swift-DEVELOPMENT-SNAPSHOT-2023-07-10-a"
      }
    }
  ],
  "version" : 2
}
